// !$*UTF8*$!
{
	archiveVersion = 1;
	classes = {
	};
	objectVersion = 50;
	objects = {

/* Begin PBXBuildFile section */
		BA5222C326E78EC4004932D1 /* AppDelegate.swift in Sources */ = {isa = PBXBuildFile; fileRef = BA5222C226E78EC4004932D1 /* AppDelegate.swift */; };
		BA5222C526E78EC4004932D1 /* SceneDelegate.swift in Sources */ = {isa = PBXBuildFile; fileRef = BA5222C426E78EC4004932D1 /* SceneDelegate.swift */; };
		BA5222C726E78EC4004932D1 /* ViewController.swift in Sources */ = {isa = PBXBuildFile; fileRef = BA5222C626E78EC4004932D1 /* ViewController.swift */; };
		BA5222CA26E78EC4004932D1 /* Main.storyboard in Resources */ = {isa = PBXBuildFile; fileRef = BA5222C826E78EC4004932D1 /* Main.storyboard */; };
		BA5222CC26E78EC5004932D1 /* Assets.xcassets in Resources */ = {isa = PBXBuildFile; fileRef = BA5222CB26E78EC5004932D1 /* Assets.xcassets */; };
		BA5222CF26E78EC5004932D1 /* LaunchScreen.storyboard in Resources */ = {isa = PBXBuildFile; fileRef = BA5222CD26E78EC5004932D1 /* LaunchScreen.storyboard */; };
		BA5222DA26E78EC5004932D1 /* GPXAPPTests.swift in Sources */ = {isa = PBXBuildFile; fileRef = BA5222D926E78EC5004932D1 /* GPXAPPTests.swift */; };
		BA5222E526E78EC5004932D1 /* GPXAPPUITests.swift in Sources */ = {isa = PBXBuildFile; fileRef = BA5222E426E78EC5004932D1 /* GPXAPPUITests.swift */; };
		BA5222F626E78ED0004932D1 /* track.gpx in Resources */ = {isa = PBXBuildFile; fileRef = BA5222F526E78ED0004932D1 /* track.gpx */; };
		BA5223A326E79E14004932D1 /* Track.swift in Sources */ = {isa = PBXBuildFile; fileRef = BA5223A226E79E14004932D1 /* Track.swift */; };
/* End PBXBuildFile section */

/* Begin PBXContainerItemProxy section */
		BA5222D626E78EC5004932D1 /* PBXContainerItemProxy */ = {
			isa = PBXContainerItemProxy;
			containerPortal = BA5222B726E78EC4004932D1 /* Project object */;
			proxyType = 1;
			remoteGlobalIDString = BA5222BE26E78EC4004932D1;
			remoteInfo = GPXAPP;
		};
		BA5222E126E78EC5004932D1 /* PBXContainerItemProxy */ = {
			isa = PBXContainerItemProxy;
			containerPortal = BA5222B726E78EC4004932D1 /* Project object */;
			proxyType = 1;
			remoteGlobalIDString = BA5222BE26E78EC4004932D1;
			remoteInfo = GPXAPP;
		};
/* End PBXContainerItemProxy section */

/* Begin PBXFileReference section */
		BA5222BF26E78EC4004932D1 /* GPXAPP.app */ = {isa = PBXFileReference; explicitFileType = wrapper.application; includeInIndex = 0; path = GPXAPP.app; sourceTree = BUILT_PRODUCTS_DIR; };
		BA5222C226E78EC4004932D1 /* AppDelegate.swift */ = {isa = PBXFileReference; lastKnownFileType = sourcecode.swift; path = AppDelegate.swift; sourceTree = "<group>"; };
		BA5222C426E78EC4004932D1 /* SceneDelegate.swift */ = {isa = PBXFileReference; lastKnownFileType = sourcecode.swift; path = SceneDelegate.swift; sourceTree = "<group>"; };
		BA5222C626E78EC4004932D1 /* ViewController.swift */ = {isa = PBXFileReference; lastKnownFileType = sourcecode.swift; path = ViewController.swift; sourceTree = "<group>"; };
		BA5222C926E78EC4004932D1 /* Base */ = {isa = PBXFileReference; lastKnownFileType = file.storyboard; name = Base; path = Base.lproj/Main.storyboard; sourceTree = "<group>"; };
		BA5222CB26E78EC5004932D1 /* Assets.xcassets */ = {isa = PBXFileReference; lastKnownFileType = folder.assetcatalog; path = Assets.xcassets; sourceTree = "<group>"; };
		BA5222CE26E78EC5004932D1 /* Base */ = {isa = PBXFileReference; lastKnownFileType = file.storyboard; name = Base; path = Base.lproj/LaunchScreen.storyboard; sourceTree = "<group>"; };
		BA5222D026E78EC5004932D1 /* Info.plist */ = {isa = PBXFileReference; lastKnownFileType = text.plist.xml; path = Info.plist; sourceTree = "<group>"; };
		BA5222D526E78EC5004932D1 /* GPXAPPTests.xctest */ = {isa = PBXFileReference; explicitFileType = wrapper.cfbundle; includeInIndex = 0; path = GPXAPPTests.xctest; sourceTree = BUILT_PRODUCTS_DIR; };
		BA5222D926E78EC5004932D1 /* GPXAPPTests.swift */ = {isa = PBXFileReference; lastKnownFileType = sourcecode.swift; path = GPXAPPTests.swift; sourceTree = "<group>"; };
		BA5222DB26E78EC5004932D1 /* Info.plist */ = {isa = PBXFileReference; lastKnownFileType = text.plist.xml; path = Info.plist; sourceTree = "<group>"; };
		BA5222E026E78EC5004932D1 /* GPXAPPUITests.xctest */ = {isa = PBXFileReference; explicitFileType = wrapper.cfbundle; includeInIndex = 0; path = GPXAPPUITests.xctest; sourceTree = BUILT_PRODUCTS_DIR; };
		BA5222E426E78EC5004932D1 /* GPXAPPUITests.swift */ = {isa = PBXFileReference; lastKnownFileType = sourcecode.swift; path = GPXAPPUITests.swift; sourceTree = "<group>"; };
		BA5222E626E78EC5004932D1 /* Info.plist */ = {isa = PBXFileReference; lastKnownFileType = text.plist.xml; path = Info.plist; sourceTree = "<group>"; };
		BA5222F526E78ED0004932D1 /* track.gpx */ = {isa = PBXFileReference; fileEncoding = 4; lastKnownFileType = text.xml; path = track.gpx; sourceTree = "<group>"; };
		BA5223A226E79E14004932D1 /* Track.swift */ = {isa = PBXFileReference; lastKnownFileType = sourcecode.swift; path = Track.swift; sourceTree = "<group>"; };
/* End PBXFileReference section */

/* Begin PBXFrameworksBuildPhase section */
		BA5222BC26E78EC4004932D1 /* Frameworks */ = {
			isa = PBXFrameworksBuildPhase;
			buildActionMask = 2147483647;
			files = (
			);
			runOnlyForDeploymentPostprocessing = 0;
		};
		BA5222D226E78EC5004932D1 /* Frameworks */ = {
			isa = PBXFrameworksBuildPhase;
			buildActionMask = 2147483647;
			files = (
			);
			runOnlyForDeploymentPostprocessing = 0;
		};
		BA5222DD26E78EC5004932D1 /* Frameworks */ = {
			isa = PBXFrameworksBuildPhase;
			buildActionMask = 2147483647;
			files = (
			);
			runOnlyForDeploymentPostprocessing = 0;
		};
/* End PBXFrameworksBuildPhase section */

/* Begin PBXGroup section */
		BA5222B626E78EC4004932D1 = {
			isa = PBXGroup;
			children = (
				BA5222C126E78EC4004932D1 /* GPXAPP */,
				BA5222D826E78EC5004932D1 /* GPXAPPTests */,
				BA5222E326E78EC5004932D1 /* GPXAPPUITests */,
				BA5222C026E78EC4004932D1 /* Products */,
			);
			sourceTree = "<group>";
		};
		BA5222C026E78EC4004932D1 /* Products */ = {
			isa = PBXGroup;
			children = (
				BA5222BF26E78EC4004932D1 /* GPXAPP.app */,
				BA5222D526E78EC5004932D1 /* GPXAPPTests.xctest */,
				BA5222E026E78EC5004932D1 /* GPXAPPUITests.xctest */,
			);
			name = Products;
			sourceTree = "<group>";
		};
		BA5222C126E78EC4004932D1 /* GPXAPP */ = {
			isa = PBXGroup;
			children = (
				BA52239E26E79DE2004932D1 /* Track */,
				BA5222C226E78EC4004932D1 /* AppDelegate.swift */,
				BA5222C426E78EC4004932D1 /* SceneDelegate.swift */,
				BA5222C626E78EC4004932D1 /* ViewController.swift */,
				BA5222C826E78EC4004932D1 /* Main.storyboard */,
				BA5222CB26E78EC5004932D1 /* Assets.xcassets */,
				BA5222CD26E78EC5004932D1 /* LaunchScreen.storyboard */,
				BA5222D026E78EC5004932D1 /* Info.plist */,
			);
			path = GPXAPP;
			sourceTree = "<group>";
		};
		BA5222D826E78EC5004932D1 /* GPXAPPTests */ = {
			isa = PBXGroup;
			children = (
				BA5222D926E78EC5004932D1 /* GPXAPPTests.swift */,
				BA5222DB26E78EC5004932D1 /* Info.plist */,
			);
			path = GPXAPPTests;
			sourceTree = "<group>";
		};
		BA5222E326E78EC5004932D1 /* GPXAPPUITests */ = {
			isa = PBXGroup;
			children = (
				BA5222E426E78EC5004932D1 /* GPXAPPUITests.swift */,
				BA5222E626E78EC5004932D1 /* Info.plist */,
			);
			path = GPXAPPUITests;
			sourceTree = "<group>";
		};
		BA52239E26E79DE2004932D1 /* Track */ = {
			isa = PBXGroup;
			children = (
				BA5223A226E79E14004932D1 /* Track.swift */,
				BA5222F526E78ED0004932D1 /* track.gpx */,
			);
			path = Track;
			sourceTree = "<group>";
		};
/* End PBXGroup section */

/* Begin PBXNativeTarget section */
		BA5222BE26E78EC4004932D1 /* GPXAPP */ = {
			isa = PBXNativeTarget;
			buildConfigurationList = BA5222E926E78EC5004932D1 /* Build configuration list for PBXNativeTarget "GPXAPP" */;
			buildPhases = (
				BA5222BB26E78EC4004932D1 /* Sources */,
				BA5222BC26E78EC4004932D1 /* Frameworks */,
				BA5222BD26E78EC4004932D1 /* Resources */,
			);
			buildRules = (
			);
			dependencies = (
			);
			name = GPXAPP;
			productName = GPXAPP;
			productReference = BA5222BF26E78EC4004932D1 /* GPXAPP.app */;
			productType = "com.apple.product-type.application";
		};
		BA5222D426E78EC5004932D1 /* GPXAPPTests */ = {
			isa = PBXNativeTarget;
			buildConfigurationList = BA5222EC26E78EC5004932D1 /* Build configuration list for PBXNativeTarget "GPXAPPTests" */;
			buildPhases = (
				BA5222D126E78EC5004932D1 /* Sources */,
				BA5222D226E78EC5004932D1 /* Frameworks */,
				BA5222D326E78EC5004932D1 /* Resources */,
			);
			buildRules = (
			);
			dependencies = (
				BA5222D726E78EC5004932D1 /* PBXTargetDependency */,
			);
			name = GPXAPPTests;
			productName = GPXAPPTests;
			productReference = BA5222D526E78EC5004932D1 /* GPXAPPTests.xctest */;
			productType = "com.apple.product-type.bundle.unit-test";
		};
		BA5222DF26E78EC5004932D1 /* GPXAPPUITests */ = {
			isa = PBXNativeTarget;
			buildConfigurationList = BA5222EF26E78EC5004932D1 /* Build configuration list for PBXNativeTarget "GPXAPPUITests" */;
			buildPhases = (
				BA5222DC26E78EC5004932D1 /* Sources */,
				BA5222DD26E78EC5004932D1 /* Frameworks */,
				BA5222DE26E78EC5004932D1 /* Resources */,
			);
			buildRules = (
			);
			dependencies = (
				BA5222E226E78EC5004932D1 /* PBXTargetDependency */,
			);
			name = GPXAPPUITests;
			productName = GPXAPPUITests;
			productReference = BA5222E026E78EC5004932D1 /* GPXAPPUITests.xctest */;
			productType = "com.apple.product-type.bundle.ui-testing";
		};
/* End PBXNativeTarget section */

/* Begin PBXProject section */
		BA5222B726E78EC4004932D1 /* Project object */ = {
			isa = PBXProject;
			attributes = {
				LastSwiftUpdateCheck = 1200;
				LastUpgradeCheck = 1200;
				TargetAttributes = {
					BA5222BE26E78EC4004932D1 = {
						CreatedOnToolsVersion = 12.0.1;
					};
					BA5222D426E78EC5004932D1 = {
						CreatedOnToolsVersion = 12.0.1;
						TestTargetID = BA5222BE26E78EC4004932D1;
					};
					BA5222DF26E78EC5004932D1 = {
						CreatedOnToolsVersion = 12.0.1;
						TestTargetID = BA5222BE26E78EC4004932D1;
					};
				};
			};
			buildConfigurationList = BA5222BA26E78EC4004932D1 /* Build configuration list for PBXProject "GPXAPP" */;
			compatibilityVersion = "Xcode 9.3";
			developmentRegion = en;
			hasScannedForEncodings = 0;
			knownRegions = (
				en,
				Base,
			);
			mainGroup = BA5222B626E78EC4004932D1;
			productRefGroup = BA5222C026E78EC4004932D1 /* Products */;
			projectDirPath = "";
			projectRoot = "";
			targets = (
				BA5222BE26E78EC4004932D1 /* GPXAPP */,
				BA5222D426E78EC5004932D1 /* GPXAPPTests */,
				BA5222DF26E78EC5004932D1 /* GPXAPPUITests */,
			);
		};
/* End PBXProject section */

/* Begin PBXResourcesBuildPhase section */
		BA5222BD26E78EC4004932D1 /* Resources */ = {
			isa = PBXResourcesBuildPhase;
			buildActionMask = 2147483647;
			files = (
				BA5222CF26E78EC5004932D1 /* LaunchScreen.storyboard in Resources */,
				BA5222CC26E78EC5004932D1 /* Assets.xcassets in Resources */,
				BA5222CA26E78EC4004932D1 /* Main.storyboard in Resources */,
				BA5222F626E78ED0004932D1 /* track.gpx in Resources */,
			);
			runOnlyForDeploymentPostprocessing = 0;
		};
		BA5222D326E78EC5004932D1 /* Resources */ = {
			isa = PBXResourcesBuildPhase;
			buildActionMask = 2147483647;
			files = (
			);
			runOnlyForDeploymentPostprocessing = 0;
		};
		BA5222DE26E78EC5004932D1 /* Resources */ = {
			isa = PBXResourcesBuildPhase;
			buildActionMask = 2147483647;
			files = (
			);
			runOnlyForDeploymentPostprocessing = 0;
		};
/* End PBXResourcesBuildPhase section */

/* Begin PBXSourcesBuildPhase section */
		BA5222BB26E78EC4004932D1 /* Sources */ = {
			isa = PBXSourcesBuildPhase;
			buildActionMask = 2147483647;
			files = (
				BA5222C726E78EC4004932D1 /* ViewController.swift in Sources */,
				BA5222C326E78EC4004932D1 /* AppDelegate.swift in Sources */,
				BA5222C526E78EC4004932D1 /* SceneDelegate.swift in Sources */,
				BA5223A326E79E14004932D1 /* Track.swift in Sources */,
			);
			runOnlyForDeploymentPostprocessing = 0;
		};
		BA5222D126E78EC5004932D1 /* Sources */ = {
			isa = PBXSourcesBuildPhase;
			buildActionMask = 2147483647;
			files = (
				BA5222DA26E78EC5004932D1 /* GPXAPPTests.swift in Sources */,
			);
			runOnlyForDeploymentPostprocessing = 0;
		};
		BA5222DC26E78EC5004932D1 /* Sources */ = {
			isa = PBXSourcesBuildPhase;
			buildActionMask = 2147483647;
			files = (
				BA5222E526E78EC5004932D1 /* GPXAPPUITests.swift in Sources */,
			);
			runOnlyForDeploymentPostprocessing = 0;
		};
/* End PBXSourcesBuildPhase section */

/* Begin PBXTargetDependency section */
		BA5222D726E78EC5004932D1 /* PBXTargetDependency */ = {
			isa = PBXTargetDependency;
			target = BA5222BE26E78EC4004932D1 /* GPXAPP */;
			targetProxy = BA5222D626E78EC5004932D1 /* PBXContainerItemProxy */;
		};
		BA5222E226E78EC5004932D1 /* PBXTargetDependency */ = {
			isa = PBXTargetDependency;
			target = BA5222BE26E78EC4004932D1 /* GPXAPP */;
			targetProxy = BA5222E126E78EC5004932D1 /* PBXContainerItemProxy */;
		};
/* End PBXTargetDependency section */

/* Begin PBXVariantGroup section */
		BA5222C826E78EC4004932D1 /* Main.storyboard */ = {
			isa = PBXVariantGroup;
			children = (
				BA5222C926E78EC4004932D1 /* Base */,
			);
			name = Main.storyboard;
			sourceTree = "<group>";
		};
		BA5222CD26E78EC5004932D1 /* LaunchScreen.storyboard */ = {
			isa = PBXVariantGroup;
			children = (
				BA5222CE26E78EC5004932D1 /* Base */,
			);
			name = LaunchScreen.storyboard;
			sourceTree = "<group>";
		};
/* End PBXVariantGroup section */

/* Begin XCBuildConfiguration section */
		BA5222E726E78EC5004932D1 /* Debug */ = {
			isa = XCBuildConfiguration;
			buildSettings = {
				ALWAYS_SEARCH_USER_PATHS = NO;
				CLANG_ANALYZER_NONNULL = YES;
				CLANG_ANALYZER_NUMBER_OBJECT_CONVERSION = YES_AGGRESSIVE;
				CLANG_CXX_LANGUAGE_STANDARD = "gnu++14";
				CLANG_CXX_LIBRARY = "libc++";
				CLANG_ENABLE_MODULES = YES;
				CLANG_ENABLE_OBJC_ARC = YES;
				CLANG_ENABLE_OBJC_WEAK = YES;
				CLANG_WARN_BLOCK_CAPTURE_AUTORELEASING = YES;
				CLANG_WARN_BOOL_CONVERSION = YES;
				CLANG_WARN_COMMA = YES;
				CLANG_WARN_CONSTANT_CONVERSION = YES;
				CLANG_WARN_DEPRECATED_OBJC_IMPLEMENTATIONS = YES;
				CLANG_WARN_DIRECT_OBJC_ISA_USAGE = YES_ERROR;
				CLANG_WARN_DOCUMENTATION_COMMENTS = YES;
				CLANG_WARN_EMPTY_BODY = YES;
				CLANG_WARN_ENUM_CONVERSION = YES;
				CLANG_WARN_INFINITE_RECURSION = YES;
				CLANG_WARN_INT_CONVERSION = YES;
				CLANG_WARN_NON_LITERAL_NULL_CONVERSION = YES;
				CLANG_WARN_OBJC_IMPLICIT_RETAIN_SELF = YES;
				CLANG_WARN_OBJC_LITERAL_CONVERSION = YES;
				CLANG_WARN_OBJC_ROOT_CLASS = YES_ERROR;
				CLANG_WARN_QUOTED_INCLUDE_IN_FRAMEWORK_HEADER = YES;
				CLANG_WARN_RANGE_LOOP_ANALYSIS = YES;
				CLANG_WARN_STRICT_PROTOTYPES = YES;
				CLANG_WARN_SUSPICIOUS_MOVE = YES;
				CLANG_WARN_UNGUARDED_AVAILABILITY = YES_AGGRESSIVE;
				CLANG_WARN_UNREACHABLE_CODE = YES;
				CLANG_WARN__DUPLICATE_METHOD_MATCH = YES;
				COPY_PHASE_STRIP = NO;
				DEBUG_INFORMATION_FORMAT = dwarf;
				ENABLE_STRICT_OBJC_MSGSEND = YES;
				ENABLE_TESTABILITY = YES;
				GCC_C_LANGUAGE_STANDARD = gnu11;
				GCC_DYNAMIC_NO_PIC = NO;
				GCC_NO_COMMON_BLOCKS = YES;
				GCC_OPTIMIZATION_LEVEL = 0;
				GCC_PREPROCESSOR_DEFINITIONS = (
					"DEBUG=1",
					"$(inherited)",
				);
				GCC_WARN_64_TO_32_BIT_CONVERSION = YES;
				GCC_WARN_ABOUT_RETURN_TYPE = YES_ERROR;
				GCC_WARN_UNDECLARED_SELECTOR = YES;
				GCC_WARN_UNINITIALIZED_AUTOS = YES_AGGRESSIVE;
				GCC_WARN_UNUSED_FUNCTION = YES;
				GCC_WARN_UNUSED_VARIABLE = YES;
				IPHONEOS_DEPLOYMENT_TARGET = 14.0;
				MTL_ENABLE_DEBUG_INFO = INCLUDE_SOURCE;
				MTL_FAST_MATH = YES;
				ONLY_ACTIVE_ARCH = YES;
				SDKROOT = iphoneos;
				SWIFT_ACTIVE_COMPILATION_CONDITIONS = DEBUG;
				SWIFT_OPTIMIZATION_LEVEL = "-Onone";
			};
			name = Debug;
		};
		BA5222E826E78EC5004932D1 /* Release */ = {
			isa = XCBuildConfiguration;
			buildSettings = {
				ALWAYS_SEARCH_USER_PATHS = NO;
				CLANG_ANALYZER_NONNULL = YES;
				CLANG_ANALYZER_NUMBER_OBJECT_CONVERSION = YES_AGGRESSIVE;
				CLANG_CXX_LANGUAGE_STANDARD = "gnu++14";
				CLANG_CXX_LIBRARY = "libc++";
				CLANG_ENABLE_MODULES = YES;
				CLANG_ENABLE_OBJC_ARC = YES;
				CLANG_ENABLE_OBJC_WEAK = YES;
				CLANG_WARN_BLOCK_CAPTURE_AUTORELEASING = YES;
				CLANG_WARN_BOOL_CONVERSION = YES;
				CLANG_WARN_COMMA = YES;
				CLANG_WARN_CONSTANT_CONVERSION = YES;
				CLANG_WARN_DEPRECATED_OBJC_IMPLEMENTATIONS = YES;
				CLANG_WARN_DIRECT_OBJC_ISA_USAGE = YES_ERROR;
				CLANG_WARN_DOCUMENTATION_COMMENTS = YES;
				CLANG_WARN_EMPTY_BODY = YES;
				CLANG_WARN_ENUM_CONVERSION = YES;
				CLANG_WARN_INFINITE_RECURSION = YES;
				CLANG_WARN_INT_CONVERSION = YES;
				CLANG_WARN_NON_LITERAL_NULL_CONVERSION = YES;
				CLANG_WARN_OBJC_IMPLICIT_RETAIN_SELF = YES;
				CLANG_WARN_OBJC_LITERAL_CONVERSION = YES;
				CLANG_WARN_OBJC_ROOT_CLASS = YES_ERROR;
				CLANG_WARN_QUOTED_INCLUDE_IN_FRAMEWORK_HEADER = YES;
				CLANG_WARN_RANGE_LOOP_ANALYSIS = YES;
				CLANG_WARN_STRICT_PROTOTYPES = YES;
				CLANG_WARN_SUSPICIOUS_MOVE = YES;
				CLANG_WARN_UNGUARDED_AVAILABILITY = YES_AGGRESSIVE;
				CLANG_WARN_UNREACHABLE_CODE = YES;
				CLANG_WARN__DUPLICATE_METHOD_MATCH = YES;
				COPY_PHASE_STRIP = NO;
				DEBUG_INFORMATION_FORMAT = "dwarf-with-dsym";
				ENABLE_NS_ASSERTIONS = NO;
				ENABLE_STRICT_OBJC_MSGSEND = YES;
				GCC_C_LANGUAGE_STANDARD = gnu11;
				GCC_NO_COMMON_BLOCKS = YES;
				GCC_WARN_64_TO_32_BIT_CONVERSION = YES;
				GCC_WARN_ABOUT_RETURN_TYPE = YES_ERROR;
				GCC_WARN_UNDECLARED_SELECTOR = YES;
				GCC_WARN_UNINITIALIZED_AUTOS = YES_AGGRESSIVE;
				GCC_WARN_UNUSED_FUNCTION = YES;
				GCC_WARN_UNUSED_VARIABLE = YES;
				IPHONEOS_DEPLOYMENT_TARGET = 14.0;
				MTL_ENABLE_DEBUG_INFO = NO;
				MTL_FAST_MATH = YES;
				SDKROOT = iphoneos;
				SWIFT_COMPILATION_MODE = wholemodule;
				SWIFT_OPTIMIZATION_LEVEL = "-O";
				VALIDATE_PRODUCT = YES;
			};
			name = Release;
		};
		BA5222EA26E78EC5004932D1 /* Debug */ = {
			isa = XCBuildConfiguration;
			buildSettings = {
				ASSETCATALOG_COMPILER_APPICON_NAME = AppIcon;
				ASSETCATALOG_COMPILER_GLOBAL_ACCENT_COLOR_NAME = AccentColor;
				CODE_SIGN_STYLE = Automatic;
				DEVELOPMENT_TEAM = VUVSMHWDF2;
				INFOPLIST_FILE = GPXAPP/Info.plist;
				LD_RUNPATH_SEARCH_PATHS = (
					"$(inherited)",
					"@executable_path/Frameworks",
				);
				PRODUCT_BUNDLE_IDENTIFIER = FuTeacher.com.gpx.GPXAPP;
				PRODUCT_NAME = "$(TARGET_NAME)";
				SWIFT_VERSION = 5.0;
				TARGETED_DEVICE_FAMILY = "1,2";
			};
			name = Debug;
		};
		BA5222EB26E78EC5004932D1 /* Release */ = {
			isa = XCBuildConfiguration;
			buildSettings = {
				ASSETCATALOG_COMPILER_APPICON_NAME = AppIcon;
				ASSETCATALOG_COMPILER_GLOBAL_ACCENT_COLOR_NAME = AccentColor;
				CODE_SIGN_STYLE = Automatic;
				DEVELOPMENT_TEAM = VUVSMHWDF2;
				INFOPLIST_FILE = GPXAPP/Info.plist;
				LD_RUNPATH_SEARCH_PATHS = (
					"$(inherited)",
					"@executable_path/Frameworks",
				);
				PRODUCT_BUNDLE_IDENTIFIER = FuTeacher.com.gpx.GPXAPP;
				PRODUCT_NAME = "$(TARGET_NAME)";
				SWIFT_VERSION = 5.0;
				TARGETED_DEVICE_FAMILY = "1,2";
			};
			name = Release;
		};
		BA5222ED26E78EC5004932D1 /* Debug */ = {
			isa = XCBuildConfiguration;
			buildSettings = {
				ALWAYS_EMBED_SWIFT_STANDARD_LIBRARIES = YES;
				BUNDLE_LOADER = "$(TEST_HOST)";
				CODE_SIGN_STYLE = Automatic;
				DEVELOPMENT_TEAM = VUVSMHWDF2;
				INFOPLIST_FILE = GPXAPPTests/Info.plist;
				IPHONEOS_DEPLOYMENT_TARGET = 14.0;
				LD_RUNPATH_SEARCH_PATHS = (
					"$(inherited)",
					"@executable_path/Frameworks",
					"@loader_path/Frameworks",
				);
				PRODUCT_BUNDLE_IDENTIFIER = FuTeacher.com.gpx.GPXAPPTests;
				PRODUCT_NAME = "$(TARGET_NAME)";
				SWIFT_VERSION = 5.0;
				TARGETED_DEVICE_FAMILY = "1,2";
				TEST_HOST = "$(BUILT_PRODUCTS_DIR)/GPXAPP.app/GPXAPP";
			};
			name = Debug;
		};
		BA5222EE26E78EC5004932D1 /* Release */ = {
			isa = XCBuildConfiguration;
			buildSettings = {
				ALWAYS_EMBED_SWIFT_STANDARD_LIBRARIES = YES;
				BUNDLE_LOADER = "$(TEST_HOST)";
				CODE_SIGN_STYLE = Automatic;
				DEVELOPMENT_TEAM = VUVSMHWDF2;
				INFOPLIST_FILE = GPXAPPTests/Info.plist;
				IPHONEOS_DEPLOYMENT_TARGET = 14.0;
				LD_RUNPATH_SEARCH_PATHS = (
					"$(inherited)",
					"@executable_path/Frameworks",
					"@loader_path/Frameworks",
				);
				PRODUCT_BUNDLE_IDENTIFIER = FuTeacher.com.gpx.GPXAPPTests;
				PRODUCT_NAME = "$(TARGET_NAME)";
				SWIFT_VERSION = 5.0;
				TARGETED_DEVICE_FAMILY = "1,2";
				TEST_HOST = "$(BUILT_PRODUCTS_DIR)/GPXAPP.app/GPXAPP";
			};
			name = Release;
		};
		BA5222F026E78EC5004932D1 /* Debug */ = {
			isa = XCBuildConfiguration;
			buildSettings = {
				ALWAYS_EMBED_SWIFT_STANDARD_LIBRARIES = YES;
				CODE_SIGN_STYLE = Automatic;
				DEVELOPMENT_TEAM = VUVSMHWDF2;
				INFOPLIST_FILE = GPXAPPUITests/Info.plist;
				LD_RUNPATH_SEARCH_PATHS = (
					"$(inherited)",
					"@executable_path/Frameworks",
					"@loader_path/Frameworks",
				);
				PRODUCT_BUNDLE_IDENTIFIER = FuTeacher.com.gpx.GPXAPPUITests;
				PRODUCT_NAME = "$(TARGET_NAME)";
				SWIFT_VERSION = 5.0;
				TARGETED_DEVICE_FAMILY = "1,2";
				TEST_TARGET_NAME = GPXAPP;
			};
			name = Debug;
		};
		BA5222F126E78EC5004932D1 /* Release */ = {
			isa = XCBuildConfiguration;
			buildSettings = {
				ALWAYS_EMBED_SWIFT_STANDARD_LIBRARIES = YES;
				CODE_SIGN_STYLE = Automatic;
				DEVELOPMENT_TEAM = VUVSMHWDF2;
				INFOPLIST_FILE = GPXAPPUITests/Info.plist;
				LD_RUNPATH_SEARCH_PATHS = (
					"$(inherited)",
					"@executable_path/Frameworks",
					"@loader_path/Frameworks",
				);
				PRODUCT_BUNDLE_IDENTIFIER = FuTeacher.com.gpx.GPXAPPUITests;
				PRODUCT_NAME = "$(TARGET_NAME)";
				SWIFT_VERSION = 5.0;
				TARGETED_DEVICE_FAMILY = "1,2";
				TEST_TARGET_NAME = GPXAPP;
			};
			name = Release;
		};
/* End XCBuildConfiguration section */

/* Begin XCConfigurationList section */
		BA5222BA26E78EC4004932D1 /* Build configuration list for PBXProject "GPXAPP" */ = {
			isa = XCConfigurationList;
			buildConfigurations = (
				BA5222E726E78EC5004932D1 /* Debug */,
				BA5222E826E78EC5004932D1 /* Release */,
			);
			defaultConfigurationIsVisible = 0;
			defaultConfigurationName = Release;
		};
		BA5222E926E78EC5004932D1 /* Build configuration list for PBXNativeTarget "GPXAPP" */ = {
			isa = XCConfigurationList;
			buildConfigurations = (
				BA5222EA26E78EC5004932D1 /* Debug */,
				BA5222EB26E78EC5004932D1 /* Release */,
			);
			defaultConfigurationIsVisible = 0;
			defaultConfigurationName = Release;
		};
		BA5222EC26E78EC5004932D1 /* Build configuration list for PBXNativeTarget "GPXAPPTests" */ = {
			isa = XCConfigurationList;
			buildConfigurations = (
				BA5222ED26E78EC5004932D1 /* Debug */,
				BA5222EE26E78EC5004932D1 /* Release */,
			);
			defaultConfigurationIsVisible = 0;
			defaultConfigurationName = Release;
		};
		BA5222EF26E78EC5004932D1 /* Build configuration list for PBXNativeTarget "GPXAPPUITests" */ = {
			isa = XCConfigurationList;
			buildConfigurations = (
				BA5222F026E78EC5004932D1 /* Debug */,
				BA5222F126E78EC5004932D1 /* Release */,
			);
			defaultConfigurationIsVisible = 0;
			defaultConfigurationName = Release;
		};
/* End XCConfigurationList section */
	};
	rootObject = BA5222B726E78EC4004932D1 /* Project object */;
}
